
Microsoft Visual Studio Solution File, Format Version 12.00
# Visual Studio Version 16
VisualStudioVersion = 16.0.28922.388
MinimumVisualStudioVersion = 10.0.40219.1
Project("{FAE04EC0-301F-11D3-BF4B-00C04F79EFBC}") = "PassbyRefNoah", "PassbyRefNoah\PassbyRefNoah.csproj", "{1218E485-55B3-423D-8DCD-B2EC61F2AD2E}"
EndProject
Global
	GlobalSection(SolutionConfigurationPlatforms) = preSolution
		Debug|Any CPU = Debug|Any CPU
		Release|Any CPU = Release|Any CPU
	EndGlobalSection
	GlobalSection(ProjectConfigurationPlatforms) = postSolution
		{1218E485-55B3-423D-8DCD-B2EC61F2AD2E}.Debug|Any CPU.ActiveCfg = Debug|Any CPU
		{1218E485-55B3-423D-8DCD-B2EC61F2AD2E}.Debug|Any CPU.Build.0 = Debug|Any CPU
		{1218E485-55B3-423D-8DCD-B2EC61F2AD2E}.Release|Any CPU.ActiveCfg = Release|Any CPU
		{1218E485-55B3-423D-8DCD-B2EC61F2AD2E}.Release|Any CPU.Build.0 = Release|Any CPU
	EndGlobalSection
	GlobalSection(SolutionProperties) = preSolution
		HideSolutionNode = FALSE
	EndGlobalSection
	GlobalSection(ExtensibilityGlobals) = postSolution
		SolutionGuid = {D4158820-A9AF-4412-B738-3560DD28D400}
	EndGlobalSection
EndGlobal
